
Microsoft Visual Studio Solution File, Format Version 12.00
# Visual Studio Version 17
VisualStudioVersion = 17.4.33403.182
MinimumVisualStudioVersion = 10.0.40219.1
Project("{FAE04EC0-301F-11D3-BF4B-00C04F79EFBC}") = "FrmBasicThreadCSharp", "FrmBasicThreadCSharp.csproj", "{9E91AD7C-9FA5-42EE-B946-BFBD0CC7B99B}"
EndProject
Global
	GlobalSection(SolutionConfigurationPlatforms) = preSolution
		Debug|Any CPU = Debug|Any CPU
		Release|Any CPU = Release|Any CPU
	EndGlobalSection
	GlobalSection(ProjectConfigurationPlatforms) = postSolution
		{9E91AD7C-9FA5-42EE-B946-BFBD0CC7B99B}.Debug|Any CPU.ActiveCfg = Debug|Any CPU
		{9E91AD7C-9FA5-42EE-B946-BFBD0CC7B99B}.Debug|Any CPU.Build.0 = Debug|Any CPU
		{9E91AD7C-9FA5-42EE-B946-BFBD0CC7B99B}.Release|Any CPU.ActiveCfg = Release|Any CPU
		{9E91AD7C-9FA5-42EE-B946-BFBD0CC7B99B}.Release|Any CPU.Build.0 = Release|Any CPU
	EndGlobalSection
	GlobalSection(SolutionProperties) = preSolution
		HideSolutionNode = FALSE
	EndGlobalSection
	GlobalSection(ExtensibilityGlobals) = postSolution
		SolutionGuid = {D2131BCE-EEC6-4991-9A89-889EBFA7B3E8}
	EndGlobalSection
EndGlobal
